// !$*UTF8*$!
{
	archiveVersion = 1;
	classes = {
	};
	objectVersion = 50;
	objects = {

/* Begin PBXBuildFile section */
		BB87D0D5207DE49900BAB78A /* AppDelegate.swift in Sources */ = {isa = PBXBuildFile; fileRef = BB87D0D4207DE49900BAB78A /* AppDelegate.swift */; };
		BB87D0D7207DE49900BAB78A /* ViewController.swift in Sources */ = {isa = PBXBuildFile; fileRef = BB87D0D6207DE49900BAB78A /* ViewController.swift */; };
		BB87D0DA207DE49900BAB78A /* Main.storyboard in Resources */ = {isa = PBXBuildFile; fileRef = BB87D0D8207DE49900BAB78A /* Main.storyboard */; };
		BB87D0DC207DE49B00BAB78A /* Assets.xcassets in Resources */ = {isa = PBXBuildFile; fileRef = BB87D0DB207DE49B00BAB78A /* Assets.xcassets */; };
		BB87D0DF207DE49B00BAB78A /* LaunchScreen.storyboard in Resources */ = {isa = PBXBuildFile; fileRef = BB87D0DD207DE49B00BAB78A /* LaunchScreen.storyboard */; };
		BB87D0E7207DE4D600BAB78A /* LoadingTableView.swift in Sources */ = {isa = PBXBuildFile; fileRef = BB87D0E6207DE4D600BAB78A /* LoadingTableView.swift */; };
/* End PBXBuildFile section */

/* Begin PBXFileReference section */
		BB87D0D1207DE49900BAB78A /* CustomActivityViewLoader.app */ = {isa = PBXFileReference; explicitFileType = wrapper.application; includeInIndex = 0; path = CustomActivityViewLoader.app; sourceTree = BUILT_PRODUCTS_DIR; };
		BB87D0D4207DE49900BAB78A /* AppDelegate.swift */ = {isa = PBXFileReference; lastKnownFileType = sourcecode.swift; path = AppDelegate.swift; sourceTree = "<group>"; };
		BB87D0D6207DE49900BAB78A /* ViewController.swift */ = {isa = PBXFileReference; lastKnownFileType = sourcecode.swift; path = ViewController.swift; sourceTree = "<group>"; };
		BB87D0D9207DE49900BAB78A /* Base */ = {isa = PBXFileReference; lastKnownFileType = file.storyboard; name = Base; path = Base.lproj/Main.storyboard; sourceTree = "<group>"; };
		BB87D0DB207DE49B00BAB78A /* Assets.xcassets */ = {isa = PBXFileReference; lastKnownFileType = folder.assetcatalog; path = Assets.xcassets; sourceTree = "<group>"; };
		BB87D0DE207DE49B00BAB78A /* Base */ = {isa = PBXFileReference; lastKnownFileType = file.storyboard; name = Base; path = Base.lproj/LaunchScreen.storyboard; sourceTree = "<group>"; };
		BB87D0E0207DE49B00BAB78A /* Info.plist */ = {isa = PBXFileReference; lastKnownFileType = text.plist.xml; path = Info.plist; sourceTree = "<group>"; };
		BB87D0E6207DE4D600BAB78A /* LoadingTableView.swift */ = {isa = PBXFileReference; lastKnownFileType = sourcecode.swift; path = LoadingTableView.swift; sourceTree = "<group>"; };
/* End PBXFileReference section */

/* Begin PBXFrameworksBuildPhase section */
		BB87D0CE207DE49900BAB78A /* Frameworks */ = {
			isa = PBXFrameworksBuildPhase;
			buildActionMask = 2147483647;
			files = (
			);
			runOnlyForDeploymentPostprocessing = 0;
		};
/* End PBXFrameworksBuildPhase section */

/* Begin PBXGroup section */
		BB87D0C8207DE49900BAB78A = {
			isa = PBXGroup;
			children = (
				BB87D0D3207DE49900BAB78A /* CustomActivityViewLoader */,
				BB87D0D2207DE49900BAB78A /* Products */,
			);
			sourceTree = "<group>";
		};
		BB87D0D2207DE49900BAB78A /* Products */ = {
			isa = PBXGroup;
			children = (
				BB87D0D1207DE49900BAB78A /* CustomActivityViewLoader.app */,
			);
			name = Products;
			sourceTree = "<group>";
		};
		BB87D0D3207DE49900BAB78A /* CustomActivityViewLoader */ = {
			isa = PBXGroup;
			children = (
				BB87D0D4207DE49900BAB78A /* AppDelegate.swift */,
				BB87D0D6207DE49900BAB78A /* ViewController.swift */,
				BB87D0D8207DE49900BAB78A /* Main.storyboard */,
				BB87D0DB207DE49B00BAB78A /* Assets.xcassets */,
				BB87D0DD207DE49B00BAB78A /* LaunchScreen.storyboard */,
				BB87D0E0207DE49B00BAB78A /* Info.plist */,
				BB87D0E6207DE4D600BAB78A /* LoadingTableView.swift */,
			);
			path = CustomActivityViewLoader;
			sourceTree = "<group>";
		};
/* End PBXGroup section */

/* Begin PBXNativeTarget section */
		BB87D0D0207DE49900BAB78A /* CustomActivityViewLoader */ = {
			isa = PBXNativeTarget;
			buildConfigurationList = BB87D0E3207DE49B00BAB78A /* Build configuration list for PBXNativeTarget "CustomActivityViewLoader" */;
			buildPhases = (
				BB87D0CD207DE49900BAB78A /* Sources */,
				BB87D0CE207DE49900BAB78A /* Frameworks */,
				BB87D0CF207DE49900BAB78A /* Resources */,
			);
			buildRules = (
			);
			dependencies = (
			);
			name = CustomActivityViewLoader;
			productName = CustomActivityViewLoader;
			productReference = BB87D0D1207DE49900BAB78A /* CustomActivityViewLoader.app */;
			productType = "com.apple.product-type.application";
		};
/* End PBXNativeTarget section */

/* Begin PBXProject section */
		BB87D0C9207DE49900BAB78A /* Project object */ = {
			isa = PBXProject;
			attributes = {
				LastSwiftUpdateCheck = 0930;
				LastUpgradeCheck = 0930;
				ORGANIZATIONNAME = "Prateek Sharma";
				TargetAttributes = {
					BB87D0D0207DE49900BAB78A = {
						CreatedOnToolsVersion = 9.3;
					};
				};
			};
			buildConfigurationList = BB87D0CC207DE49900BAB78A /* Build configuration list for PBXProject "CustomActivityViewLoader" */;
			compatibilityVersion = "Xcode 9.3";
			developmentRegion = en;
			hasScannedForEncodings = 0;
			knownRegions = (
				en,
				Base,
			);
			mainGroup = BB87D0C8207DE49900BAB78A;
			productRefGroup = BB87D0D2207DE49900BAB78A /* Products */;
			projectDirPath = "";
			projectRoot = "";
			targets = (
				BB87D0D0207DE49900BAB78A /* CustomActivityViewLoader */,
			);
		};
/* End PBXProject section */

/* Begin PBXResourcesBuildPhase section */
		BB87D0CF207DE49900BAB78A /* Resources */ = {
			isa = PBXResourcesBuildPhase;
			buildActionMask = 2147483647;
			files = (
				BB87D0DF207DE49B00BAB78A /* LaunchScreen.storyboard in Resources */,
				BB87D0DC207DE49B00BAB78A /* Assets.xcassets in Resources */,
				BB87D0DA207DE49900BAB78A /* Main.storyboard in Resources */,
			);
			runOnlyForDeploymentPostprocessing = 0;
		};
/* End PBXResourcesBuildPhase section */

/* Begin PBXSourcesBuildPhase section */
		BB87D0CD207DE49900BAB78A /* Sources */ = {
			isa = PBXSourcesBuildPhase;
			buildActionMask = 2147483647;
			files = (
				BB87D0E7207DE4D600BAB78A /* LoadingTableView.swift in Sources */,
				BB87D0D7207DE49900BAB78A /* ViewController.swift in Sources */,
				BB87D0D5207DE49900BAB78A /* AppDelegate.swift in Sources */,
			);
			runOnlyForDeploymentPostprocessing = 0;
		};
/* End PBXSourcesBuildPhase section */

/* Begin PBXVariantGroup section */
		BB87D0D8207DE49900BAB78A /* Main.storyboard */ = {
			isa = PBXVariantGroup;
			children = (
				BB87D0D9207DE49900BAB78A /* Base */,
			);
			name = Main.storyboard;
			sourceTree = "<group>";
		};
		BB87D0DD207DE49B00BAB78A /* LaunchScreen.storyboard */ = {
			isa = PBXVariantGroup;
			children = (
				BB87D0DE207DE49B00BAB78A /* Base */,
			);
			name = LaunchScreen.storyboard;
			sourceTree = "<group>";
		};
/* End PBXVariantGroup section */

/* Begin XCBuildConfiguration section */
		BB87D0E1207DE49B00BAB78A /* Debug */ = {
			isa = XCBuildConfiguration;
			buildSettings = {
				ALWAYS_SEARCH_USER_PATHS = NO;
				CLANG_ANALYZER_NONNULL = YES;
				CLANG_ANALYZER_NUMBER_OBJECT_CONVERSION = YES_AGGRESSIVE;
				CLANG_CXX_LANGUAGE_STANDARD = "gnu++14";
				CLANG_CXX_LIBRARY = "libc++";
				CLANG_ENABLE_MODULES = YES;
				CLANG_ENABLE_OBJC_ARC = YES;
				CLANG_ENABLE_OBJC_WEAK = YES;
				CLANG_WARN_BLOCK_CAPTURE_AUTORELEASING = YES;
				CLANG_WARN_BOOL_CONVERSION = YES;
				CLANG_WARN_COMMA = YES;
				CLANG_WARN_CONSTANT_CONVERSION = YES;
				CLANG_WARN_DEPRECATED_OBJC_IMPLEMENTATIONS = YES;
				CLANG_WARN_DIRECT_OBJC_ISA_USAGE = YES_ERROR;
				CLANG_WARN_DOCUMENTATION_COMMENTS = YES;
				CLANG_WARN_EMPTY_BODY = YES;
				CLANG_WARN_ENUM_CONVERSION = YES;
				CLANG_WARN_INFINITE_RECURSION = YES;
				CLANG_WARN_INT_CONVERSION = YES;
				CLANG_WARN_NON_LITERAL_NULL_CONVERSION = YES;
				CLANG_WARN_OBJC_IMPLICIT_RETAIN_SELF = YES;
				CLANG_WARN_OBJC_LITERAL_CONVERSION = YES;
				CLANG_WARN_OBJC_ROOT_CLASS = YES_ERROR;
				CLANG_WARN_RANGE_LOOP_ANALYSIS = YES;
				CLANG_WARN_STRICT_PROTOTYPES = YES;
				CLANG_WARN_SUSPICIOUS_MOVE = YES;
				CLANG_WARN_UNGUARDED_AVAILABILITY = YES_AGGRESSIVE;
				CLANG_WARN_UNREACHABLE_CODE = YES;
				CLANG_WARN__DUPLICATE_METHOD_MATCH = YES;
				CODE_SIGN_IDENTITY = "iPhone Developer";
				COPY_PHASE_STRIP = NO;
				DEBUG_INFORMATION_FORMAT = dwarf;
				ENABLE_STRICT_OBJC_MSGSEND = YES;
				ENABLE_TESTABILITY = YES;
				GCC_C_LANGUAGE_STANDARD = gnu11;
				GCC_DYNAMIC_NO_PIC = NO;
				GCC_NO_COMMON_BLOCKS = YES;
				GCC_OPTIMIZATION_LEVEL = 0;
				GCC_PREPROCESSOR_DEFINITIONS = (
					"DEBUG=1",
					"$(inherited)",
				);
				GCC_WARN_64_TO_32_BIT_CONVERSION = YES;
				GCC_WARN_ABOUT_RETURN_TYPE = YES_ERROR;
				GCC_WARN_UNDECLARED_SELECTOR = YES;
				GCC_WARN_UNINITIALIZED_AUTOS = YES_AGGRESSIVE;
				GCC_WARN_UNUSED_FUNCTION = YES;
				GCC_WARN_UNUSED_VARIABLE = YES;
				IPHONEOS_DEPLOYMENT_TARGET = 11.3;
				MTL_ENABLE_DEBUG_INFO = YES;
				ONLY_ACTIVE_ARCH = YES;
				SDKROOT = iphoneos;
				SWIFT_ACTIVE_COMPILATION_CONDITIONS = DEBUG;
				SWIFT_OPTIMIZATION_LEVEL = "-Onone";
			};
			name = Debug;
		};
		BB87D0E2207DE49B00BAB78A /* Release */ = {
			isa = XCBuildConfiguration;
			buildSettings = {
				ALWAYS_SEARCH_USER_PATHS = NO;
				CLANG_ANALYZER_NONNULL = YES;
				CLANG_ANALYZER_NUMBER_OBJECT_CONVERSION = YES_AGGRESSIVE;
				CLANG_CXX_LANGUAGE_STANDARD = "gnu++14";
				CLANG_CXX_LIBRARY = "libc++";
				CLANG_ENABLE_MODULES = YES;
				CLANG_ENABLE_OBJC_ARC = YES;
				CLANG_ENABLE_OBJC_WEAK = YES;
				CLANG_WARN_BLOCK_CAPTURE_AUTORELEASING = YES;
				CLANG_WARN_BOOL_CONVERSION = YES;
				CLANG_WARN_COMMA = YES;
				CLANG_WARN_CONSTANT_CONVERSION = YES;
				CLANG_WARN_DEPRECATED_OBJC_IMPLEMENTATIONS = YES;
				CLANG_WARN_DIRECT_OBJC_ISA_USAGE = YES_ERROR;
				CLANG_WARN_DOCUMENTATION_COMMENTS = YES;
				CLANG_WARN_EMPTY_BODY = YES;
				CLANG_WARN_ENUM_CONVERSION = YES;
				CLANG_WARN_INFINITE_RECURSION = YES;
				CLANG_WARN_INT_CONVERSION = YES;
				CLANG_WARN_NON_LITERAL_NULL_CONVERSION = YES;
				CLANG_WARN_OBJC_IMPLICIT_RETAIN_SELF = YES;
				CLANG_WARN_OBJC_LITERAL_CONVERSION = YES;
				CLANG_WARN_OBJC_ROOT_CLASS = YES_ERROR;
				CLANG_WARN_RANGE_LOOP_ANALYSIS = YES;
				CLANG_WARN_STRICT_PROTOTYPES = YES;
				CLANG_WARN_SUSPICIOUS_MOVE = YES;
				CLANG_WARN_UNGUARDED_AVAILABILITY = YES_AGGRESSIVE;
				CLANG_WARN_UNREACHABLE_CODE = YES;
				CLANG_WARN__DUPLICATE_METHOD_MATCH = YES;
				CODE_SIGN_IDENTITY = "iPhone Developer";
				COPY_PHASE_STRIP = NO;
				DEBUG_INFORMATION_FORMAT = "dwarf-with-dsym";
				ENABLE_NS_ASSERTIONS = NO;
				ENABLE_STRICT_OBJC_MSGSEND = YES;
				GCC_C_LANGUAGE_STANDARD = gnu11;
				GCC_NO_COMMON_BLOCKS = YES;
				GCC_WARN_64_TO_32_BIT_CONVERSION = YES;
				GCC_WARN_ABOUT_RETURN_TYPE = YES_ERROR;
				GCC_WARN_UNDECLARED_SELECTOR = YES;
				GCC_WARN_UNINITIALIZED_AUTOS = YES_AGGRESSIVE;
				GCC_WARN_UNUSED_FUNCTION = YES;
				GCC_WARN_UNUSED_VARIABLE = YES;
				IPHONEOS_DEPLOYMENT_TARGET = 11.3;
				MTL_ENABLE_DEBUG_INFO = NO;
				SDKROOT = iphoneos;
				SWIFT_COMPILATION_MODE = wholemodule;
				SWIFT_OPTIMIZATION_LEVEL = "-O";
				VALIDATE_PRODUCT = YES;
			};
			name = Release;
		};
		BB87D0E4207DE49B00BAB78A /* Debug */ = {
			isa = XCBuildConfiguration;
			buildSettings = {
				ASSETCATALOG_COMPILER_APPICON_NAME = AppIcon;
				CODE_SIGN_STYLE = Automatic;
				INFOPLIST_FILE = CustomActivityViewLoader/Info.plist;
				LD_RUNPATH_SEARCH_PATHS = (
					"$(inherited)",
					"@executable_path/Frameworks",
				);
				PRODUCT_BUNDLE_IDENTIFIER = prat14k.CustomActivityViewLoader;
				PRODUCT_NAME = "$(TARGET_NAME)";
				SWIFT_VERSION = 4.0;
				TARGETED_DEVICE_FAMILY = "1,2";
			};
			name = Debug;
		};
		BB87D0E5207DE49B00BAB78A /* Release */ = {
			isa = XCBuildConfiguration;
			buildSettings = {
				ASSETCATALOG_COMPILER_APPICON_NAME = AppIcon;
				CODE_SIGN_STYLE = Automatic;
				INFOPLIST_FILE = CustomActivityViewLoader/Info.plist;
				LD_RUNPATH_SEARCH_PATHS = (
					"$(inherited)",
					"@executable_path/Frameworks",
				);
				PRODUCT_BUNDLE_IDENTIFIER = prat14k.CustomActivityViewLoader;
				PRODUCT_NAME = "$(TARGET_NAME)";
				SWIFT_VERSION = 4.0;
				TARGETED_DEVICE_FAMILY = "1,2";
			};
			name = Release;
		};
/* End XCBuildConfiguration section */

/* Begin XCConfigurationList section */
		BB87D0CC207DE49900BAB78A /* Build configuration list for PBXProject "CustomActivityViewLoader" */ = {
			isa = XCConfigurationList;
			buildConfigurations = (
				BB87D0E1207DE49B00BAB78A /* Debug */,
				BB87D0E2207DE49B00BAB78A /* Release */,
			);
			defaultConfigurationIsVisible = 0;
			defaultConfigurationName = Release;
		};
		BB87D0E3207DE49B00BAB78A /* Build configuration list for PBXNativeTarget "CustomActivityViewLoader" */ = {
			isa = XCConfigurationList;
			buildConfigurations = (
				BB87D0E4207DE49B00BAB78A /* Debug */,
				BB87D0E5207DE49B00BAB78A /* Release */,
			);
			defaultConfigurationIsVisible = 0;
			defaultConfigurationName = Release;
		};
/* End XCConfigurationList section */
	};
	rootObject = BB87D0C9207DE49900BAB78A /* Project object */;
}
